// !$*UTF8*$!
{
	archiveVersion = 1;
	classes = {
	};
	objectVersion = 46;
	objects = {

/* Begin PBXAggregateTarget section */
		"Magellan::MagellanPackageTests::ProductTarget" /* MagellanPackageTests */ = {
			isa = PBXAggregateTarget;
			buildConfigurationList = OBJ_88 /* Build configuration list for PBXAggregateTarget "MagellanPackageTests" */;
			buildPhases = (
			);
			dependencies = (
				OBJ_91 /* PBXTargetDependency */,
			);
			name = MagellanPackageTests;
			productName = MagellanPackageTests;
		};
/* End PBXAggregateTarget section */

/* Begin PBXBuildFile section */
		OBJ_100 /* QuickSpecBase.framework in Frameworks */ = {isa = PBXBuildFile; fileRef = "Quick::QuickSpecBase::Product" /* QuickSpecBase.framework */; };
		OBJ_101 /* Magellan.framework in Frameworks */ = {isa = PBXBuildFile; fileRef = "Magellan::Magellan::Product" /* Magellan.framework */; };
		OBJ_111 /* Behavior.swift in Sources */ = {isa = PBXBuildFile; fileRef = OBJ_33 /* Behavior.swift */; };
		OBJ_112 /* Callsite.swift in Sources */ = {isa = PBXBuildFile; fileRef = OBJ_34 /* Callsite.swift */; };
		OBJ_113 /* Configuration.swift in Sources */ = {isa = PBXBuildFile; fileRef = OBJ_36 /* Configuration.swift */; };
		OBJ_114 /* QuickConfiguration.swift in Sources */ = {isa = PBXBuildFile; fileRef = OBJ_37 /* QuickConfiguration.swift */; };
		OBJ_115 /* DSL.swift in Sources */ = {isa = PBXBuildFile; fileRef = OBJ_39 /* DSL.swift */; };
		OBJ_116 /* World+DSL.swift in Sources */ = {isa = PBXBuildFile; fileRef = OBJ_40 /* World+DSL.swift */; };
		OBJ_117 /* ErrorUtility.swift in Sources */ = {isa = PBXBuildFile; fileRef = OBJ_41 /* ErrorUtility.swift */; };
		OBJ_118 /* Example.swift in Sources */ = {isa = PBXBuildFile; fileRef = OBJ_42 /* Example.swift */; };
		OBJ_119 /* ExampleGroup.swift in Sources */ = {isa = PBXBuildFile; fileRef = OBJ_43 /* ExampleGroup.swift */; };
		OBJ_120 /* ExampleMetadata.swift in Sources */ = {isa = PBXBuildFile; fileRef = OBJ_44 /* ExampleMetadata.swift */; };
		OBJ_121 /* Filter.swift in Sources */ = {isa = PBXBuildFile; fileRef = OBJ_45 /* Filter.swift */; };
		OBJ_122 /* Closures.swift in Sources */ = {isa = PBXBuildFile; fileRef = OBJ_47 /* Closures.swift */; };
		OBJ_123 /* ExampleHooks.swift in Sources */ = {isa = PBXBuildFile; fileRef = OBJ_48 /* ExampleHooks.swift */; };
		OBJ_124 /* HooksPhase.swift in Sources */ = {isa = PBXBuildFile; fileRef = OBJ_49 /* HooksPhase.swift */; };
		OBJ_125 /* SuiteHooks.swift in Sources */ = {isa = PBXBuildFile; fileRef = OBJ_50 /* SuiteHooks.swift */; };
		OBJ_126 /* NSBundle+CurrentTestBundle.swift in Sources */ = {isa = PBXBuildFile; fileRef = OBJ_51 /* NSBundle+CurrentTestBundle.swift */; };
		OBJ_127 /* NSString+C99ExtendedIdentifier.swift in Sources */ = {isa = PBXBuildFile; fileRef = OBJ_52 /* NSString+C99ExtendedIdentifier.swift */; };
		OBJ_128 /* QuickMain.swift in Sources */ = {isa = PBXBuildFile; fileRef = OBJ_53 /* QuickMain.swift */; };
		OBJ_129 /* QuickSelectedTestSuiteBuilder.swift in Sources */ = {isa = PBXBuildFile; fileRef = OBJ_54 /* QuickSelectedTestSuiteBuilder.swift */; };
		OBJ_130 /* QuickSpec.swift in Sources */ = {isa = PBXBuildFile; fileRef = OBJ_55 /* QuickSpec.swift */; };
		OBJ_131 /* QuickTestSuite.swift in Sources */ = {isa = PBXBuildFile; fileRef = OBJ_56 /* QuickTestSuite.swift */; };
		OBJ_132 /* URL+FileName.swift in Sources */ = {isa = PBXBuildFile; fileRef = OBJ_57 /* URL+FileName.swift */; };
		OBJ_133 /* World.swift in Sources */ = {isa = PBXBuildFile; fileRef = OBJ_58 /* World.swift */; };
		OBJ_135 /* QuickSpecBase.framework in Frameworks */ = {isa = PBXBuildFile; fileRef = "Quick::QuickSpecBase::Product" /* QuickSpecBase.framework */; };
		OBJ_142 /* Package.swift in Sources */ = {isa = PBXBuildFile; fileRef = OBJ_59 /* Package.swift */; };
		OBJ_147 /* QuickSpecBase.m in Sources */ = {isa = PBXBuildFile; fileRef = OBJ_29 /* QuickSpecBase.m */; };
		OBJ_149 /* QuickSpecBase.h in Headers */ = {isa = PBXBuildFile; fileRef = OBJ_31 /* QuickSpecBase.h */; settings = {ATTRIBUTES = (Public, ); }; };
		OBJ_70 /* Navigation.swift in Sources */ = {isa = PBXBuildFile; fileRef = OBJ_10 /* Navigation.swift */; };
		OBJ_71 /* NavigationContext.swift in Sources */ = {isa = PBXBuildFile; fileRef = OBJ_11 /* NavigationContext.swift */; };
		OBJ_72 /* PresentationStrategy.swift in Sources */ = {isa = PBXBuildFile; fileRef = OBJ_13 /* PresentationStrategy.swift */; };
		OBJ_73 /* PresentingContext.swift in Sources */ = {isa = PBXBuildFile; fileRef = OBJ_14 /* PresentingContext.swift */; };
		OBJ_74 /* PresentationModal.swift in Sources */ = {isa = PBXBuildFile; fileRef = OBJ_16 /* PresentationModal.swift */; };
		OBJ_75 /* PresentationPopover.swift in Sources */ = {isa = PBXBuildFile; fileRef = OBJ_17 /* PresentationPopover.swift */; };
		OBJ_76 /* PresentationPush.swift in Sources */ = {isa = PBXBuildFile; fileRef = OBJ_18 /* PresentationPush.swift */; };
		OBJ_77 /* PresentationSegue.swift in Sources */ = {isa = PBXBuildFile; fileRef = OBJ_19 /* PresentationSegue.swift */; };
		OBJ_78 /* Route.swift in Sources */ = {isa = PBXBuildFile; fileRef = OBJ_21 /* Route.swift */; };
		OBJ_79 /* UIViewController+Nabigeta.swift in Sources */ = {isa = PBXBuildFile; fileRef = OBJ_23 /* UIViewController+Nabigeta.swift */; };
		OBJ_86 /* Package.swift in Sources */ = {isa = PBXBuildFile; fileRef = OBJ_6 /* Package.swift */; };
		OBJ_99 /* Quick.framework in Frameworks */ = {isa = PBXBuildFile; fileRef = "Quick::Quick::Product" /* Quick.framework */; };
/* End PBXBuildFile section */

/* Begin PBXContainerItemProxy section */
		497B88EC217E1E9500D267DA /* PBXContainerItemProxy */ = {
			isa = PBXContainerItemProxy;
			containerPortal = OBJ_1 /* Project object */;
			proxyType = 1;
			remoteGlobalIDString = "Quick::Quick";
			remoteInfo = Quick;
		};
		497B88ED217E1E9500D267DA /* PBXContainerItemProxy */ = {
			isa = PBXContainerItemProxy;
			containerPortal = OBJ_1 /* Project object */;
			proxyType = 1;
			remoteGlobalIDString = "Quick::QuickSpecBase";
			remoteInfo = QuickSpecBase;
		};
		497B88EE217E1E9500D267DA /* PBXContainerItemProxy */ = {
			isa = PBXContainerItemProxy;
			containerPortal = OBJ_1 /* Project object */;
			proxyType = 1;
			remoteGlobalIDString = "Quick::QuickSpecBase";
			remoteInfo = QuickSpecBase;
		};
		497B88EF217E1E9500D267DA /* PBXContainerItemProxy */ = {
			isa = PBXContainerItemProxy;
			containerPortal = OBJ_1 /* Project object */;
			proxyType = 1;
			remoteGlobalIDString = "Magellan::Magellan";
			remoteInfo = Magellan;
		};
		497B88F0217E1E9500D267DA /* PBXContainerItemProxy */ = {
			isa = PBXContainerItemProxy;
			containerPortal = OBJ_1 /* Project object */;
			proxyType = 1;
			remoteGlobalIDString = "Magellan::MagellanTests";
			remoteInfo = MagellanTests;
		};
/* End PBXContainerItemProxy section */

/* Begin PBXFileReference section */
		"Magellan::Magellan::Product" /* Magellan.framework */ = {isa = PBXFileReference; explicitFileType = wrapper.framework; path = Magellan.framework; sourceTree = BUILT_PRODUCTS_DIR; };
		"Magellan::MagellanTests::Product" /* MagellanTests.xctest */ = {isa = PBXFileReference; explicitFileType = wrapper.cfbundle; path = MagellanTests.xctest; sourceTree = BUILT_PRODUCTS_DIR; };
		OBJ_10 /* Navigation.swift */ = {isa = PBXFileReference; lastKnownFileType = sourcecode.swift; path = Navigation.swift; sourceTree = "<group>"; };
		OBJ_11 /* NavigationContext.swift */ = {isa = PBXFileReference; lastKnownFileType = sourcecode.swift; path = NavigationContext.swift; sourceTree = "<group>"; };
		OBJ_13 /* PresentationStrategy.swift */ = {isa = PBXFileReference; lastKnownFileType = sourcecode.swift; path = PresentationStrategy.swift; sourceTree = "<group>"; };
		OBJ_14 /* PresentingContext.swift */ = {isa = PBXFileReference; lastKnownFileType = sourcecode.swift; path = PresentingContext.swift; sourceTree = "<group>"; };
		OBJ_16 /* PresentationModal.swift */ = {isa = PBXFileReference; lastKnownFileType = sourcecode.swift; path = PresentationModal.swift; sourceTree = "<group>"; };
		OBJ_17 /* PresentationPopover.swift */ = {isa = PBXFileReference; lastKnownFileType = sourcecode.swift; path = PresentationPopover.swift; sourceTree = "<group>"; };
		OBJ_18 /* PresentationPush.swift */ = {isa = PBXFileReference; lastKnownFileType = sourcecode.swift; path = PresentationPush.swift; sourceTree = "<group>"; };
		OBJ_19 /* PresentationSegue.swift */ = {isa = PBXFileReference; lastKnownFileType = sourcecode.swift; path = PresentationSegue.swift; sourceTree = "<group>"; };
		OBJ_21 /* Route.swift */ = {isa = PBXFileReference; lastKnownFileType = sourcecode.swift; path = Route.swift; sourceTree = "<group>"; };
		OBJ_23 /* UIViewController+Nabigeta.swift */ = {isa = PBXFileReference; lastKnownFileType = sourcecode.swift; path = "UIViewController+Nabigeta.swift"; sourceTree = "<group>"; };
		OBJ_29 /* QuickSpecBase.m */ = {isa = PBXFileReference; lastKnownFileType = sourcecode.c.objc; path = QuickSpecBase.m; sourceTree = "<group>"; };
		OBJ_31 /* QuickSpecBase.h */ = {isa = PBXFileReference; lastKnownFileType = sourcecode.c.h; path = QuickSpecBase.h; sourceTree = "<group>"; };
		OBJ_33 /* Behavior.swift */ = {isa = PBXFileReference; lastKnownFileType = sourcecode.swift; path = Behavior.swift; sourceTree = "<group>"; };
		OBJ_34 /* Callsite.swift */ = {isa = PBXFileReference; lastKnownFileType = sourcecode.swift; path = Callsite.swift; sourceTree = "<group>"; };
		OBJ_36 /* Configuration.swift */ = {isa = PBXFileReference; lastKnownFileType = sourcecode.swift; path = Configuration.swift; sourceTree = "<group>"; };
		OBJ_37 /* QuickConfiguration.swift */ = {isa = PBXFileReference; lastKnownFileType = sourcecode.swift; path = QuickConfiguration.swift; sourceTree = "<group>"; };
		OBJ_39 /* DSL.swift */ = {isa = PBXFileReference; lastKnownFileType = sourcecode.swift; path = DSL.swift; sourceTree = "<group>"; };
		OBJ_40 /* World+DSL.swift */ = {isa = PBXFileReference; lastKnownFileType = sourcecode.swift; path = "World+DSL.swift"; sourceTree = "<group>"; };
		OBJ_41 /* ErrorUtility.swift */ = {isa = PBXFileReference; lastKnownFileType = sourcecode.swift; path = ErrorUtility.swift; sourceTree = "<group>"; };
		OBJ_42 /* Example.swift */ = {isa = PBXFileReference; lastKnownFileType = sourcecode.swift; path = Example.swift; sourceTree = "<group>"; };
		OBJ_43 /* ExampleGroup.swift */ = {isa = PBXFileReference; lastKnownFileType = sourcecode.swift; path = ExampleGroup.swift; sourceTree = "<group>"; };
		OBJ_44 /* ExampleMetadata.swift */ = {isa = PBXFileReference; lastKnownFileType = sourcecode.swift; path = ExampleMetadata.swift; sourceTree = "<group>"; };
		OBJ_45 /* Filter.swift */ = {isa = PBXFileReference; lastKnownFileType = sourcecode.swift; path = Filter.swift; sourceTree = "<group>"; };
		OBJ_47 /* Closures.swift */ = {isa = PBXFileReference; lastKnownFileType = sourcecode.swift; path = Closures.swift; sourceTree = "<group>"; };
		OBJ_48 /* ExampleHooks.swift */ = {isa = PBXFileReference; lastKnownFileType = sourcecode.swift; path = ExampleHooks.swift; sourceTree = "<group>"; };
		OBJ_49 /* HooksPhase.swift */ = {isa = PBXFileReference; lastKnownFileType = sourcecode.swift; path = HooksPhase.swift; sourceTree = "<group>"; };
		OBJ_50 /* SuiteHooks.swift */ = {isa = PBXFileReference; lastKnownFileType = sourcecode.swift; path = SuiteHooks.swift; sourceTree = "<group>"; };
		OBJ_51 /* NSBundle+CurrentTestBundle.swift */ = {isa = PBXFileReference; lastKnownFileType = sourcecode.swift; path = "NSBundle+CurrentTestBundle.swift"; sourceTree = "<group>"; };
		OBJ_52 /* NSString+C99ExtendedIdentifier.swift */ = {isa = PBXFileReference; lastKnownFileType = sourcecode.swift; path = "NSString+C99ExtendedIdentifier.swift"; sourceTree = "<group>"; };
		OBJ_53 /* QuickMain.swift */ = {isa = PBXFileReference; lastKnownFileType = sourcecode.swift; path = QuickMain.swift; sourceTree = "<group>"; };
		OBJ_54 /* QuickSelectedTestSuiteBuilder.swift */ = {isa = PBXFileReference; lastKnownFileType = sourcecode.swift; path = QuickSelectedTestSuiteBuilder.swift; sourceTree = "<group>"; };
		OBJ_55 /* QuickSpec.swift */ = {isa = PBXFileReference; lastKnownFileType = sourcecode.swift; path = QuickSpec.swift; sourceTree = "<group>"; };
		OBJ_56 /* QuickTestSuite.swift */ = {isa = PBXFileReference; lastKnownFileType = sourcecode.swift; path = QuickTestSuite.swift; sourceTree = "<group>"; };
		OBJ_57 /* URL+FileName.swift */ = {isa = PBXFileReference; lastKnownFileType = sourcecode.swift; path = "URL+FileName.swift"; sourceTree = "<group>"; };
		OBJ_58 /* World.swift */ = {isa = PBXFileReference; lastKnownFileType = sourcecode.swift; path = World.swift; sourceTree = "<group>"; };
		OBJ_59 /* Package.swift */ = {isa = PBXFileReference; explicitFileType = sourcecode.swift; name = Package.swift; path = "/Users/jc/projects/akane/Nabigeta/.build/checkouts/quick-4169289359817801062/Package.swift"; sourceTree = "<group>"; };
		OBJ_6 /* Package.swift */ = {isa = PBXFileReference; explicitFileType = sourcecode.swift; path = Package.swift; sourceTree = "<group>"; };
		"Quick::Quick::Product" /* Quick.framework */ = {isa = PBXFileReference; explicitFileType = wrapper.framework; path = Quick.framework; sourceTree = BUILT_PRODUCTS_DIR; };
		"Quick::QuickSpecBase::Product" /* QuickSpecBase.framework */ = {isa = PBXFileReference; explicitFileType = wrapper.framework; path = QuickSpecBase.framework; sourceTree = BUILT_PRODUCTS_DIR; };
/* End PBXFileReference section */

/* Begin PBXFrameworksBuildPhase section */
		OBJ_134 /* Frameworks */ = {
			isa = PBXFrameworksBuildPhase;
			buildActionMask = 0;
			files = (
				OBJ_135 /* QuickSpecBase.framework in Frameworks */,
			);
			runOnlyForDeploymentPostprocessing = 0;
		};
		OBJ_150 /* Frameworks */ = {
			isa = PBXFrameworksBuildPhase;
			buildActionMask = 0;
			files = (
			);
			runOnlyForDeploymentPostprocessing = 0;
		};
		OBJ_80 /* Frameworks */ = {
			isa = PBXFrameworksBuildPhase;
			buildActionMask = 0;
			files = (
			);
			runOnlyForDeploymentPostprocessing = 0;
		};
		OBJ_98 /* Frameworks */ = {
			isa = PBXFrameworksBuildPhase;
			buildActionMask = 0;
			files = (
				OBJ_99 /* Quick.framework in Frameworks */,
				OBJ_100 /* QuickSpecBase.framework in Frameworks */,
				OBJ_101 /* Magellan.framework in Frameworks */,
			);
			runOnlyForDeploymentPostprocessing = 0;
		};
/* End PBXFrameworksBuildPhase section */

/* Begin PBXGroup section */
		495C6347217E22110019332C /* Magellan */ = {
			isa = PBXGroup;
			children = (
			);
			path = Magellan;
			sourceTree = "<group>";
		};
		OBJ_12 /* Presentation */ = {
			isa = PBXGroup;
			children = (
				OBJ_13 /* PresentationStrategy.swift */,
				OBJ_14 /* PresentingContext.swift */,
				OBJ_15 /* Strategy */,
			);
			path = Presentation;
			sourceTree = "<group>";
		};
		OBJ_15 /* Strategy */ = {
			isa = PBXGroup;
			children = (
				OBJ_16 /* PresentationModal.swift */,
				OBJ_17 /* PresentationPopover.swift */,
				OBJ_18 /* PresentationPush.swift */,
				OBJ_19 /* PresentationSegue.swift */,
			);
			path = Strategy;
			sourceTree = "<group>";
		};
		OBJ_20 /* Route */ = {
			isa = PBXGroup;
			children = (
				OBJ_21 /* Route.swift */,
			);
			path = Route;
			sourceTree = "<group>";
		};
		OBJ_22 /* UIKit */ = {
			isa = PBXGroup;
			children = (
				OBJ_23 /* UIViewController+Nabigeta.swift */,
			);
			path = UIKit;
			sourceTree = "<group>";
		};
		OBJ_24 /* Tests */ = {
			isa = PBXGroup;
			children = (
				495C6347217E22110019332C /* Magellan */,
			);
			path = Tests;
			sourceTree = SOURCE_ROOT;
		};
		OBJ_26 /* Dependencies */ = {
			isa = PBXGroup;
			children = (
				OBJ_27 /* Quick 1.3.2 */,
			);
			name = Dependencies;
			sourceTree = "<group>";
		};
		OBJ_27 /* Quick 1.3.2 */ = {
			isa = PBXGroup;
			children = (
				OBJ_28 /* QuickSpecBase */,
				OBJ_32 /* Quick */,
				OBJ_59 /* Package.swift */,
			);
			name = "Quick 1.3.2";
			sourceTree = SOURCE_ROOT;
		};
		OBJ_28 /* QuickSpecBase */ = {
			isa = PBXGroup;
			children = (
				OBJ_29 /* QuickSpecBase.m */,
				OBJ_30 /* include */,
			);
			name = QuickSpecBase;
			path = ".build/checkouts/quick-4169289359817801062/Sources/QuickSpecBase";
			sourceTree = SOURCE_ROOT;
		};
		OBJ_30 /* include */ = {
			isa = PBXGroup;
			children = (
				OBJ_31 /* QuickSpecBase.h */,
			);
			path = include;
			sourceTree = "<group>";
		};
		OBJ_32 /* Quick */ = {
			isa = PBXGroup;
			children = (
				OBJ_33 /* Behavior.swift */,
				OBJ_34 /* Callsite.swift */,
				OBJ_35 /* Configuration */,
				OBJ_38 /* DSL */,
				OBJ_41 /* ErrorUtility.swift */,
				OBJ_42 /* Example.swift */,
				OBJ_43 /* ExampleGroup.swift */,
				OBJ_44 /* ExampleMetadata.swift */,
				OBJ_45 /* Filter.swift */,
				OBJ_46 /* Hooks */,
				OBJ_51 /* NSBundle+CurrentTestBundle.swift */,
				OBJ_52 /* NSString+C99ExtendedIdentifier.swift */,
				OBJ_53 /* QuickMain.swift */,
				OBJ_54 /* QuickSelectedTestSuiteBuilder.swift */,
				OBJ_55 /* QuickSpec.swift */,
				OBJ_56 /* QuickTestSuite.swift */,
				OBJ_57 /* URL+FileName.swift */,
				OBJ_58 /* World.swift */,
			);
			name = Quick;
			path = ".build/checkouts/quick-4169289359817801062/Sources/Quick";
			sourceTree = SOURCE_ROOT;
		};
		OBJ_35 /* Configuration */ = {
			isa = PBXGroup;
			children = (
				OBJ_36 /* Configuration.swift */,
				OBJ_37 /* QuickConfiguration.swift */,
			);
			path = Configuration;
			sourceTree = "<group>";
		};
		OBJ_38 /* DSL */ = {
			isa = PBXGroup;
			children = (
				OBJ_39 /* DSL.swift */,
				OBJ_40 /* World+DSL.swift */,
			);
			path = DSL;
			sourceTree = "<group>";
		};
		OBJ_46 /* Hooks */ = {
			isa = PBXGroup;
			children = (
				OBJ_47 /* Closures.swift */,
				OBJ_48 /* ExampleHooks.swift */,
				OBJ_49 /* HooksPhase.swift */,
				OBJ_50 /* SuiteHooks.swift */,
			);
			path = Hooks;
			sourceTree = "<group>";
		};
		OBJ_5 = {
			isa = PBXGroup;
			children = (
				OBJ_6 /* Package.swift */,
				OBJ_7 /* Sources */,
				OBJ_24 /* Tests */,
				OBJ_26 /* Dependencies */,
				OBJ_60 /* Products */,
			);
			sourceTree = "<group>";
		};
		OBJ_60 /* Products */ = {
			isa = PBXGroup;
			children = (
				"Magellan::MagellanTests::Product" /* MagellanTests.xctest */,
				"Quick::Quick::Product" /* Quick.framework */,
				"Magellan::Magellan::Product" /* Magellan.framework */,
				"Quick::QuickSpecBase::Product" /* QuickSpecBase.framework */,
			);
			name = Products;
			sourceTree = BUILT_PRODUCTS_DIR;
		};
		OBJ_7 /* Sources */ = {
			isa = PBXGroup;
			children = (
				OBJ_8 /* Magellan */,
			);
			name = Sources;
			sourceTree = SOURCE_ROOT;
		};
		OBJ_8 /* Magellan */ = {
			isa = PBXGroup;
			children = (
				OBJ_9 /* Navigation */,
				OBJ_12 /* Presentation */,
				OBJ_20 /* Route */,
				OBJ_22 /* UIKit */,
			);
			name = Magellan;
			path = Sources/Magellan;
			sourceTree = SOURCE_ROOT;
		};
		OBJ_9 /* Navigation */ = {
			isa = PBXGroup;
			children = (
				OBJ_10 /* Navigation.swift */,
				OBJ_11 /* NavigationContext.swift */,
			);
			path = Navigation;
			sourceTree = "<group>";
		};
/* End PBXGroup section */

/* Begin PBXHeadersBuildPhase section */
		OBJ_148 /* Headers */ = {
			isa = PBXHeadersBuildPhase;
			buildActionMask = 0;
			files = (
				OBJ_149 /* QuickSpecBase.h in Headers */,
			);
			runOnlyForDeploymentPostprocessing = 0;
		};
/* End PBXHeadersBuildPhase section */

/* Begin PBXNativeTarget section */
		"Magellan::Magellan" /* Magellan */ = {
			isa = PBXNativeTarget;
			buildConfigurationList = OBJ_66 /* Build configuration list for PBXNativeTarget "Magellan" */;
			buildPhases = (
				OBJ_69 /* Sources */,
				OBJ_80 /* Frameworks */,
			);
			buildRules = (
			);
			dependencies = (
			);
			name = Magellan;
			productName = Magellan;
			productReference = "Magellan::Magellan::Product" /* Magellan.framework */;
			productType = "com.apple.product-type.framework";
		};
		"Magellan::MagellanTests" /* MagellanTests */ = {
			isa = PBXNativeTarget;
			buildConfigurationList = OBJ_93 /* Build configuration list for PBXNativeTarget "MagellanTests" */;
			buildPhases = (
				OBJ_96 /* Sources */,
				OBJ_98 /* Frameworks */,
			);
			buildRules = (
			);
			dependencies = (
				OBJ_102 /* PBXTargetDependency */,
				OBJ_104 /* PBXTargetDependency */,
				OBJ_106 /* PBXTargetDependency */,
			);
			name = MagellanTests;
			productName = MagellanTests;
			productReference = "Magellan::MagellanTests::Product" /* MagellanTests.xctest */;
			productType = "com.apple.product-type.bundle.unit-test";
		};
		"Magellan::SwiftPMPackageDescription" /* MagellanPackageDescription */ = {
			isa = PBXNativeTarget;
			buildConfigurationList = OBJ_82 /* Build configuration list for PBXNativeTarget "MagellanPackageDescription" */;
			buildPhases = (
				OBJ_85 /* Sources */,
			);
			buildRules = (
			);
			dependencies = (
			);
			name = MagellanPackageDescription;
			productName = MagellanPackageDescription;
			productType = "com.apple.product-type.framework";
		};
		"Quick::Quick" /* Quick */ = {
			isa = PBXNativeTarget;
			buildConfigurationList = OBJ_107 /* Build configuration list for PBXNativeTarget "Quick" */;
			buildPhases = (
				OBJ_110 /* Sources */,
				OBJ_134 /* Frameworks */,
			);
			buildRules = (
			);
			dependencies = (
				OBJ_136 /* PBXTargetDependency */,
			);
			name = Quick;
			productName = Quick;
			productReference = "Quick::Quick::Product" /* Quick.framework */;
			productType = "com.apple.product-type.framework";
		};
		"Quick::QuickSpecBase" /* QuickSpecBase */ = {
			isa = PBXNativeTarget;
			buildConfigurationList = OBJ_143 /* Build configuration list for PBXNativeTarget "QuickSpecBase" */;
			buildPhases = (
				OBJ_146 /* Sources */,
				OBJ_148 /* Headers */,
				OBJ_150 /* Frameworks */,
			);
			buildRules = (
			);
			dependencies = (
			);
			name = QuickSpecBase;
			productName = QuickSpecBase;
			productReference = "Quick::QuickSpecBase::Product" /* QuickSpecBase.framework */;
			productType = "com.apple.product-type.framework";
		};
		"Quick::SwiftPMPackageDescription" /* QuickPackageDescription */ = {
			isa = PBXNativeTarget;
			buildConfigurationList = OBJ_138 /* Build configuration list for PBXNativeTarget "QuickPackageDescription" */;
			buildPhases = (
				OBJ_141 /* Sources */,
			);
			buildRules = (
			);
			dependencies = (
			);
			name = QuickPackageDescription;
			productName = QuickPackageDescription;
			productType = "com.apple.product-type.framework";
		};
/* End PBXNativeTarget section */

/* Begin PBXProject section */
		OBJ_1 /* Project object */ = {
			isa = PBXProject;
			attributes = {
				LastUpgradeCheck = 9999;
				TargetAttributes = {
					"Quick::Quick" = {
						LastSwiftMigration = 1000;
					};
				};
			};
			buildConfigurationList = OBJ_2 /* Build configuration list for PBXProject "Magellan" */;
			compatibilityVersion = "Xcode 3.2";
			developmentRegion = English;
			hasScannedForEncodings = 0;
			knownRegions = (
				en,
			);
			mainGroup = OBJ_5;
			productRefGroup = OBJ_60 /* Products */;
			projectDirPath = "";
			projectRoot = "";
			targets = (
				"Magellan::Magellan" /* Magellan */,
				"Magellan::SwiftPMPackageDescription" /* MagellanPackageDescription */,
				"Magellan::MagellanPackageTests::ProductTarget" /* MagellanPackageTests */,
				"Magellan::MagellanTests" /* MagellanTests */,
				"Quick::Quick" /* Quick */,
				"Quick::SwiftPMPackageDescription" /* QuickPackageDescription */,
				"Quick::QuickSpecBase" /* QuickSpecBase */,
			);
		};
/* End PBXProject section */

/* Begin PBXSourcesBuildPhase section */
		OBJ_110 /* Sources */ = {
			isa = PBXSourcesBuildPhase;
			buildActionMask = 0;
			files = (
				OBJ_111 /* Behavior.swift in Sources */,
				OBJ_112 /* Callsite.swift in Sources */,
				OBJ_113 /* Configuration.swift in Sources */,
				OBJ_114 /* QuickConfiguration.swift in Sources */,
				OBJ_115 /* DSL.swift in Sources */,
				OBJ_116 /* World+DSL.swift in Sources */,
				OBJ_117 /* ErrorUtility.swift in Sources */,
				OBJ_118 /* Example.swift in Sources */,
				OBJ_119 /* ExampleGroup.swift in Sources */,
				OBJ_120 /* ExampleMetadata.swift in Sources */,
				OBJ_121 /* Filter.swift in Sources */,
				OBJ_122 /* Closures.swift in Sources */,
				OBJ_123 /* ExampleHooks.swift in Sources */,
				OBJ_124 /* HooksPhase.swift in Sources */,
				OBJ_125 /* SuiteHooks.swift in Sources */,
				OBJ_126 /* NSBundle+CurrentTestBundle.swift in Sources */,
				OBJ_127 /* NSString+C99ExtendedIdentifier.swift in Sources */,
				OBJ_128 /* QuickMain.swift in Sources */,
				OBJ_129 /* QuickSelectedTestSuiteBuilder.swift in Sources */,
				OBJ_130 /* QuickSpec.swift in Sources */,
				OBJ_131 /* QuickTestSuite.swift in Sources */,
				OBJ_132 /* URL+FileName.swift in Sources */,
				OBJ_133 /* World.swift in Sources */,
			);
			runOnlyForDeploymentPostprocessing = 0;
		};
		OBJ_141 /* Sources */ = {
			isa = PBXSourcesBuildPhase;
			buildActionMask = 0;
			files = (
				OBJ_142 /* Package.swift in Sources */,
			);
			runOnlyForDeploymentPostprocessing = 0;
		};
		OBJ_146 /* Sources */ = {
			isa = PBXSourcesBuildPhase;
			buildActionMask = 0;
			files = (
				OBJ_147 /* QuickSpecBase.m in Sources */,
			);
			runOnlyForDeploymentPostprocessing = 0;
		};
		OBJ_69 /* Sources */ = {
			isa = PBXSourcesBuildPhase;
			buildActionMask = 0;
			files = (
				OBJ_70 /* Navigation.swift in Sources */,
				OBJ_71 /* NavigationContext.swift in Sources */,
				OBJ_72 /* PresentationStrategy.swift in Sources */,
				OBJ_73 /* PresentingContext.swift in Sources */,
				OBJ_74 /* PresentationModal.swift in Sources */,
				OBJ_75 /* PresentationPopover.swift in Sources */,
				OBJ_76 /* PresentationPush.swift in Sources */,
				OBJ_77 /* PresentationSegue.swift in Sources */,
				OBJ_78 /* Route.swift in Sources */,
				OBJ_79 /* UIViewController+Nabigeta.swift in Sources */,
			);
			runOnlyForDeploymentPostprocessing = 0;
		};
		OBJ_85 /* Sources */ = {
			isa = PBXSourcesBuildPhase;
			buildActionMask = 0;
			files = (
				OBJ_86 /* Package.swift in Sources */,
			);
			runOnlyForDeploymentPostprocessing = 0;
		};
		OBJ_96 /* Sources */ = {
			isa = PBXSourcesBuildPhase;
			buildActionMask = 0;
			files = (
			);
			runOnlyForDeploymentPostprocessing = 0;
		};
/* End PBXSourcesBuildPhase section */

/* Begin PBXTargetDependency section */
		OBJ_102 /* PBXTargetDependency */ = {
			isa = PBXTargetDependency;
			target = "Quick::Quick" /* Quick */;
			targetProxy = 497B88EC217E1E9500D267DA /* PBXContainerItemProxy */;
		};
		OBJ_104 /* PBXTargetDependency */ = {
			isa = PBXTargetDependency;
			target = "Quick::QuickSpecBase" /* QuickSpecBase */;
			targetProxy = 497B88EE217E1E9500D267DA /* PBXContainerItemProxy */;
		};
		OBJ_106 /* PBXTargetDependency */ = {
			isa = PBXTargetDependency;
			target = "Magellan::Magellan" /* Magellan */;
			targetProxy = 497B88EF217E1E9500D267DA /* PBXContainerItemProxy */;
		};
		OBJ_136 /* PBXTargetDependency */ = {
			isa = PBXTargetDependency;
			target = "Quick::QuickSpecBase" /* QuickSpecBase */;
			targetProxy = 497B88ED217E1E9500D267DA /* PBXContainerItemProxy */;
		};
		OBJ_91 /* PBXTargetDependency */ = {
			isa = PBXTargetDependency;
			target = "Magellan::MagellanTests" /* MagellanTests */;
			targetProxy = 497B88F0217E1E9500D267DA /* PBXContainerItemProxy */;
		};
/* End PBXTargetDependency section */

/* Begin XCBuildConfiguration section */
		OBJ_108 /* Debug */ = {
			isa = XCBuildConfiguration;
			buildSettings = {
				ENABLE_TESTABILITY = YES;
				FRAMEWORK_SEARCH_PATHS = (
					"$(inherited)",
					"$(PLATFORM_DIR)/Developer/Library/Frameworks",
				);
				HEADER_SEARCH_PATHS = (
					"$(inherited)",
					"$(SRCROOT)/.build/checkouts/quick-4169289359817801062/Sources/QuickSpecBase/include",
				);
				INFOPLIST_FILE = Magellan.xcodeproj/Quick_Info.plist;
				LD_RUNPATH_SEARCH_PATHS = "$(inherited) $(TOOLCHAIN_DIR)/usr/lib/swift/macosx";
				OTHER_CFLAGS = "$(inherited)";
				OTHER_LDFLAGS = "$(inherited)";
				OTHER_SWIFT_FLAGS = "$(inherited)";
				PRODUCT_BUNDLE_IDENTIFIER = Quick;
				PRODUCT_MODULE_NAME = "$(TARGET_NAME:c99extidentifier)";
				PRODUCT_NAME = "$(TARGET_NAME:c99extidentifier)";
				SKIP_INSTALL = YES;
				SWIFT_ACTIVE_COMPILATION_CONDITIONS = "$(inherited)";
				SWIFT_VERSION = 4.2;
				TARGET_NAME = Quick;
			};
			name = Debug;
		};
		OBJ_109 /* Release */ = {
			isa = XCBuildConfiguration;
			buildSettings = {
				ENABLE_TESTABILITY = YES;
				FRAMEWORK_SEARCH_PATHS = (
					"$(inherited)",
					"$(PLATFORM_DIR)/Developer/Library/Frameworks",
				);
				HEADER_SEARCH_PATHS = (
					"$(inherited)",
					"$(SRCROOT)/.build/checkouts/quick-4169289359817801062/Sources/QuickSpecBase/include",
				);
				INFOPLIST_FILE = Magellan.xcodeproj/Quick_Info.plist;
				LD_RUNPATH_SEARCH_PATHS = "$(inherited) $(TOOLCHAIN_DIR)/usr/lib/swift/macosx";
				OTHER_CFLAGS = "$(inherited)";
				OTHER_LDFLAGS = "$(inherited)";
				OTHER_SWIFT_FLAGS = "$(inherited)";
				PRODUCT_BUNDLE_IDENTIFIER = Quick;
				PRODUCT_MODULE_NAME = "$(TARGET_NAME:c99extidentifier)";
				PRODUCT_NAME = "$(TARGET_NAME:c99extidentifier)";
				SKIP_INSTALL = YES;
				SWIFT_ACTIVE_COMPILATION_CONDITIONS = "$(inherited)";
				SWIFT_VERSION = 4.2;
				TARGET_NAME = Quick;
			};
			name = Release;
		};
		OBJ_139 /* Debug */ = {
			isa = XCBuildConfiguration;
			buildSettings = {
				LD = /usr/bin/true;
				OTHER_SWIFT_FLAGS = "-swift-version 4 -I $(TOOLCHAIN_DIR)/usr/lib/swift/pm/4 -target x86_64-apple-macosx10.10 -sdk /Applications/Xcode-10.app/Contents/Developer/Platforms/MacOSX.platform/Developer/SDKs/MacOSX10.14.sdk";
				SWIFT_VERSION = 4.0;
			};
			name = Debug;
		};
		OBJ_140 /* Release */ = {
			isa = XCBuildConfiguration;
			buildSettings = {
				LD = /usr/bin/true;
				OTHER_SWIFT_FLAGS = "-swift-version 4 -I $(TOOLCHAIN_DIR)/usr/lib/swift/pm/4 -target x86_64-apple-macosx10.10 -sdk /Applications/Xcode-10.app/Contents/Developer/Platforms/MacOSX.platform/Developer/SDKs/MacOSX10.14.sdk";
				SWIFT_VERSION = 4.0;
			};
			name = Release;
		};
		OBJ_144 /* Debug */ = {
			isa = XCBuildConfiguration;
			buildSettings = {
				CLANG_ENABLE_MODULES = YES;
				DEFINES_MODULE = YES;
				ENABLE_TESTABILITY = YES;
				FRAMEWORK_SEARCH_PATHS = (
					"$(inherited)",
					"$(PLATFORM_DIR)/Developer/Library/Frameworks",
				);
				HEADER_SEARCH_PATHS = (
					"$(inherited)",
					"$(SRCROOT)/.build/checkouts/quick-4169289359817801062/Sources/QuickSpecBase/include",
				);
				INFOPLIST_FILE = Magellan.xcodeproj/QuickSpecBase_Info.plist;
				LD_RUNPATH_SEARCH_PATHS = "$(inherited) $(TOOLCHAIN_DIR)/usr/lib/swift/macosx";
				OTHER_CFLAGS = "$(inherited)";
				OTHER_LDFLAGS = "$(inherited)";
				OTHER_SWIFT_FLAGS = "$(inherited)";
				PRODUCT_BUNDLE_IDENTIFIER = QuickSpecBase;
				PRODUCT_MODULE_NAME = "$(TARGET_NAME:c99extidentifier)";
				PRODUCT_NAME = "$(TARGET_NAME:c99extidentifier)";
				SKIP_INSTALL = YES;
				SWIFT_ACTIVE_COMPILATION_CONDITIONS = "$(inherited)";
				TARGET_NAME = QuickSpecBase;
			};
			name = Debug;
		};
		OBJ_145 /* Release */ = {
			isa = XCBuildConfiguration;
			buildSettings = {
				CLANG_ENABLE_MODULES = YES;
				DEFINES_MODULE = YES;
				ENABLE_TESTABILITY = YES;
				FRAMEWORK_SEARCH_PATHS = (
					"$(inherited)",
					"$(PLATFORM_DIR)/Developer/Library/Frameworks",
				);
				HEADER_SEARCH_PATHS = (
					"$(inherited)",
					"$(SRCROOT)/.build/checkouts/quick-4169289359817801062/Sources/QuickSpecBase/include",
				);
				INFOPLIST_FILE = Magellan.xcodeproj/QuickSpecBase_Info.plist;
				LD_RUNPATH_SEARCH_PATHS = "$(inherited) $(TOOLCHAIN_DIR)/usr/lib/swift/macosx";
				OTHER_CFLAGS = "$(inherited)";
				OTHER_LDFLAGS = "$(inherited)";
				OTHER_SWIFT_FLAGS = "$(inherited)";
				PRODUCT_BUNDLE_IDENTIFIER = QuickSpecBase;
				PRODUCT_MODULE_NAME = "$(TARGET_NAME:c99extidentifier)";
				PRODUCT_NAME = "$(TARGET_NAME:c99extidentifier)";
				SKIP_INSTALL = YES;
				SWIFT_ACTIVE_COMPILATION_CONDITIONS = "$(inherited)";
				TARGET_NAME = QuickSpecBase;
			};
			name = Release;
		};
		OBJ_3 /* Debug */ = {
			isa = XCBuildConfiguration;
			buildSettings = {
				CLANG_ENABLE_OBJC_ARC = YES;
				COMBINE_HIDPI_IMAGES = YES;
				COPY_PHASE_STRIP = NO;
				DEBUG_INFORMATION_FORMAT = dwarf;
				DYLIB_INSTALL_NAME_BASE = "@rpath";
				ENABLE_NS_ASSERTIONS = YES;
				GCC_OPTIMIZATION_LEVEL = 0;
				GCC_PREPROCESSOR_DEFINITIONS = (
					"DEBUG=1",
					"$(inherited)",
				);
				MACOSX_DEPLOYMENT_TARGET = 10.10;
				ONLY_ACTIVE_ARCH = YES;
				OTHER_SWIFT_FLAGS = "-DXcode";
				PRODUCT_NAME = "$(TARGET_NAME)";
				SDKROOT = iphoneos;
				SUPPORTED_PLATFORMS = "iphonesimulator iphoneos";
				SWIFT_ACTIVE_COMPILATION_CONDITIONS = "SWIFT_PACKAGE DEBUG";
				SWIFT_OPTIMIZATION_LEVEL = "-Onone";
				USE_HEADERMAP = NO;
			};
			name = Debug;
		};
		OBJ_4 /* Release */ = {
			isa = XCBuildConfiguration;
			buildSettings = {
				CLANG_ENABLE_OBJC_ARC = YES;
				COMBINE_HIDPI_IMAGES = YES;
				COPY_PHASE_STRIP = YES;
				DEBUG_INFORMATION_FORMAT = "dwarf-with-dsym";
				DYLIB_INSTALL_NAME_BASE = "@rpath";
				GCC_OPTIMIZATION_LEVEL = s;
				MACOSX_DEPLOYMENT_TARGET = 10.10;
				OTHER_SWIFT_FLAGS = "-DXcode";
				PRODUCT_NAME = "$(TARGET_NAME)";
				SDKROOT = iphoneos;
				SUPPORTED_PLATFORMS = "iphonesimulator iphoneos";
				SWIFT_ACTIVE_COMPILATION_CONDITIONS = SWIFT_PACKAGE;
				SWIFT_OPTIMIZATION_LEVEL = "-Owholemodule";
				USE_HEADERMAP = NO;
			};
			name = Release;
		};
		OBJ_67 /* Debug */ = {
			isa = XCBuildConfiguration;
			buildSettings = {
				ENABLE_TESTABILITY = YES;
				FRAMEWORK_SEARCH_PATHS = (
					"$(inherited)",
					"$(PLATFORM_DIR)/Developer/Library/Frameworks",
				);
				HEADER_SEARCH_PATHS = "$(inherited)";
				INFOPLIST_FILE = Magellan.xcodeproj/Magellan_Info.plist;
				LD_RUNPATH_SEARCH_PATHS = "$(inherited) $(TOOLCHAIN_DIR)/usr/lib/swift/macosx";
				OTHER_CFLAGS = "$(inherited)";
				OTHER_LDFLAGS = "$(inherited)";
				OTHER_SWIFT_FLAGS = "$(inherited)";
				PRODUCT_BUNDLE_IDENTIFIER = Magellan;
				PRODUCT_MODULE_NAME = "$(TARGET_NAME:c99extidentifier)";
				PRODUCT_NAME = "$(TARGET_NAME:c99extidentifier)";
				SKIP_INSTALL = YES;
				SWIFT_ACTIVE_COMPILATION_CONDITIONS = "$(inherited)";
				SWIFT_VERSION = 4.2;
				TARGET_NAME = Magellan;
			};
			name = Debug;
		};
		OBJ_68 /* Release */ = {
			isa = XCBuildConfiguration;
			buildSettings = {
				ENABLE_TESTABILITY = YES;
				FRAMEWORK_SEARCH_PATHS = (
					"$(inherited)",
					"$(PLATFORM_DIR)/Developer/Library/Frameworks",
				);
				HEADER_SEARCH_PATHS = "$(inherited)";
				INFOPLIST_FILE = Magellan.xcodeproj/Magellan_Info.plist;
				LD_RUNPATH_SEARCH_PATHS = "$(inherited) $(TOOLCHAIN_DIR)/usr/lib/swift/macosx";
				OTHER_CFLAGS = "$(inherited)";
				OTHER_LDFLAGS = "$(inherited)";
				OTHER_SWIFT_FLAGS = "$(inherited)";
				PRODUCT_BUNDLE_IDENTIFIER = Magellan;
				PRODUCT_MODULE_NAME = "$(TARGET_NAME:c99extidentifier)";
				PRODUCT_NAME = "$(TARGET_NAME:c99extidentifier)";
				SKIP_INSTALL = YES;
				SWIFT_ACTIVE_COMPILATION_CONDITIONS = "$(inherited)";
				SWIFT_VERSION = 4.2;
				TARGET_NAME = Magellan;
			};
			name = Release;
		};
		OBJ_83 /* Debug */ = {
			isa = XCBuildConfiguration;
			buildSettings = {
				LD = /usr/bin/true;
				OTHER_SWIFT_FLAGS = "-swift-version 4.2 -I $(TOOLCHAIN_DIR)/usr/lib/swift/pm/4_2 -target x86_64-apple-macosx10.10 -sdk /Applications/Xcode-10.app/Contents/Developer/Platforms/MacOSX.platform/Developer/SDKs/MacOSX10.14.sdk";
				SWIFT_VERSION = 4.2;
			};
			name = Debug;
		};
		OBJ_84 /* Release */ = {
			isa = XCBuildConfiguration;
			buildSettings = {
				LD = /usr/bin/true;
				OTHER_SWIFT_FLAGS = "-swift-version 4.2 -I $(TOOLCHAIN_DIR)/usr/lib/swift/pm/4_2 -target x86_64-apple-macosx10.10 -sdk /Applications/Xcode-10.app/Contents/Developer/Platforms/MacOSX.platform/Developer/SDKs/MacOSX10.14.sdk";
				SWIFT_VERSION = 4.2;
			};
			name = Release;
		};
		OBJ_89 /* Debug */ = {
			isa = XCBuildConfiguration;
			buildSettings = {
			};
			name = Debug;
		};
		OBJ_90 /* Release */ = {
			isa = XCBuildConfiguration;
			buildSettings = {
			};
			name = Release;
		};
		OBJ_94 /* Debug */ = {
			isa = XCBuildConfiguration;
			buildSettings = {
				CLANG_ENABLE_MODULES = YES;
				EMBEDDED_CONTENT_CONTAINS_SWIFT = YES;
				FRAMEWORK_SEARCH_PATHS = (
					"$(inherited)",
					"$(PLATFORM_DIR)/Developer/Library/Frameworks",
				);
				HEADER_SEARCH_PATHS = (
					"$(inherited)",
					"$(SRCROOT)/.build/checkouts/quick-4169289359817801062/Sources/QuickSpecBase/include",
				);
				INFOPLIST_FILE = Magellan.xcodeproj/MagellanTests_Info.plist;
				LD_RUNPATH_SEARCH_PATHS = "$(inherited) @loader_path/../Frameworks @loader_path/Frameworks";
				OTHER_CFLAGS = "$(inherited)";
				OTHER_LDFLAGS = "$(inherited)";
				OTHER_SWIFT_FLAGS = "$(inherited)";
				SWIFT_ACTIVE_COMPILATION_CONDITIONS = "$(inherited)";
				SWIFT_VERSION = 4.2;
				TARGET_NAME = MagellanTests;
			};
			name = Debug;
		};
		OBJ_95 /* Release */ = {
			isa = XCBuildConfiguration;
			buildSettings = {
				CLANG_ENABLE_MODULES = YES;
				EMBEDDED_CONTENT_CONTAINS_SWIFT = YES;
				FRAMEWORK_SEARCH_PATHS = (
					"$(inherited)",
					"$(PLATFORM_DIR)/Developer/Library/Frameworks",
				);
				HEADER_SEARCH_PATHS = (
					"$(inherited)",
					"$(SRCROOT)/.build/checkouts/quick-4169289359817801062/Sources/QuickSpecBase/include",
				);
				INFOPLIST_FILE = Magellan.xcodeproj/MagellanTests_Info.plist;
				LD_RUNPATH_SEARCH_PATHS = "$(inherited) @loader_path/../Frameworks @loader_path/Frameworks";
				OTHER_CFLAGS = "$(inherited)";
				OTHER_LDFLAGS = "$(inherited)";
				OTHER_SWIFT_FLAGS = "$(inherited)";
				SWIFT_ACTIVE_COMPILATION_CONDITIONS = "$(inherited)";
				SWIFT_VERSION = 4.2;
				TARGET_NAME = MagellanTests;
			};
			name = Release;
		};
/* End XCBuildConfiguration section */

/* Begin XCConfigurationList section */
		OBJ_107 /* Build configuration list for PBXNativeTarget "Quick" */ = {
			isa = XCConfigurationList;
			buildConfigurations = (
				OBJ_108 /* Debug */,
				OBJ_109 /* Release */,
			);
			defaultConfigurationIsVisible = 0;
			defaultConfigurationName = Release;
		};
		OBJ_138 /* Build configuration list for PBXNativeTarget "QuickPackageDescription" */ = {
			isa = XCConfigurationList;
			buildConfigurations = (
				OBJ_139 /* Debug */,
				OBJ_140 /* Release */,
			);
			defaultConfigurationIsVisible = 0;
			defaultConfigurationName = Release;
		};
		OBJ_143 /* Build configuration list for PBXNativeTarget "QuickSpecBase" */ = {
			isa = XCConfigurationList;
			buildConfigurations = (
				OBJ_144 /* Debug */,
				OBJ_145 /* Release */,
			);
			defaultConfigurationIsVisible = 0;
			defaultConfigurationName = Release;
		};
		OBJ_2 /* Build configuration list for PBXProject "Magellan" */ = {
			isa = XCConfigurationList;
			buildConfigurations = (
				OBJ_3 /* Debug */,
				OBJ_4 /* Release */,
			);
			defaultConfigurationIsVisible = 0;
			defaultConfigurationName = Release;
		};
		OBJ_66 /* Build configuration list for PBXNativeTarget "Magellan" */ = {
			isa = XCConfigurationList;
			buildConfigurations = (
				OBJ_67 /* Debug */,
				OBJ_68 /* Release */,
			);
			defaultConfigurationIsVisible = 0;
			defaultConfigurationName = Release;
		};
		OBJ_82 /* Build configuration list for PBXNativeTarget "MagellanPackageDescription" */ = {
			isa = XCConfigurationList;
			buildConfigurations = (
				OBJ_83 /* Debug */,
				OBJ_84 /* Release */,
			);
			defaultConfigurationIsVisible = 0;
			defaultConfigurationName = Release;
		};
		OBJ_88 /* Build configuration list for PBXAggregateTarget "MagellanPackageTests" */ = {
			isa = XCConfigurationList;
			buildConfigurations = (
				OBJ_89 /* Debug */,
				OBJ_90 /* Release */,
			);
			defaultConfigurationIsVisible = 0;
			defaultConfigurationName = Release;
		};
		OBJ_93 /* Build configuration list for PBXNativeTarget "MagellanTests" */ = {
			isa = XCConfigurationList;
			buildConfigurations = (
				OBJ_94 /* Debug */,
				OBJ_95 /* Release */,
			);
			defaultConfigurationIsVisible = 0;
			defaultConfigurationName = Release;
		};
/* End XCConfigurationList section */
	};
	rootObject = OBJ_1 /* Project object */;
}
