PODS:
  - Router (0.0.1)

DEPENDENCIES:
  - Router (from `https://github.com/ViacomInc/Router`, branch `swift-2.0`)

EXTERNAL SOURCES:
  Router:
    :branch: swift-2.0
    :git: https://github.com/ViacomInc/Router

CHECKOUT OPTIONS:
  Router:
    :commit: ad70ab9f20cee01bd4e9563966bc7ac24d7b2e84
    :git: https://github.com/ViacomInc/Router

SPEC CHECKSUMS:
  Router: 0ce3e008f03bb73aaf1c5c419947905bc6bd36e8

COCOAPODS: 0.38.2
