// !$*UTF8*$!
{
	archiveVersion = 1;
	classes = {
	};
	objectVersion = 46;
	objects = {

/* Begin PBXBuildFile section */
		4902AB031BF62AF8003D6435 /* PresentationModal.swift in Sources */ = {isa = PBXBuildFile; fileRef = 4902AAFF1BF62AF7003D6435 /* PresentationModal.swift */; };
		4902AB041BF62AF8003D6435 /* PresentationPopover.swift in Sources */ = {isa = PBXBuildFile; fileRef = 4902AB001BF62AF7003D6435 /* PresentationPopover.swift */; };
		4902AB051BF62AF8003D6435 /* PresentationPush.swift in Sources */ = {isa = PBXBuildFile; fileRef = 4902AB011BF62AF7003D6435 /* PresentationPush.swift */; };
		4902AB061BF62AF8003D6435 /* PresentationSegue.swift in Sources */ = {isa = PBXBuildFile; fileRef = 4902AB021BF62AF7003D6435 /* PresentationSegue.swift */; };
		490C38391A48219E00EC432E /* NavigationContext.swift in Sources */ = {isa = PBXBuildFile; fileRef = 490C38381A48219E00EC432E /* NavigationContext.swift */; };
		49A221141D34054B0045F7E2 /* PresentingContext.swift in Sources */ = {isa = PBXBuildFile; fileRef = 49A221131D34054B0045F7E2 /* PresentingContext.swift */; };
		49B035FA1AACFE9900CB95DD /* PresentationStrategy.swift in Sources */ = {isa = PBXBuildFile; fileRef = 49B035F91AACFE9900CB95DD /* PresentationStrategy.swift */; };
		49C05ABB1BE0DCB10054337C /* Navigation.swift in Sources */ = {isa = PBXBuildFile; fileRef = 49C05ABA1BE0DCB10054337C /* Navigation.swift */; };
		49DE53791A6EBDCF005A67AE /* UIViewController+Nabigeta.swift in Sources */ = {isa = PBXBuildFile; fileRef = 49DE53781A6EBDCF005A67AE /* UIViewController+Nabigeta.swift */; };
		49E5EA871A0BC3A400169136 /* Route.swift in Sources */ = {isa = PBXBuildFile; fileRef = 49E5EA861A0BC3A400169136 /* Route.swift */; };
		49FAA6801A0941DE00AF3D5C /* Nabigeta.h in Headers */ = {isa = PBXBuildFile; fileRef = 49FAA67F1A0941DE00AF3D5C /* Nabigeta.h */; settings = {ATTRIBUTES = (Public, ); }; };
		49FAA68A1A0941DE00AF3D5C /* NabigetaTests.swift in Sources */ = {isa = PBXBuildFile; fileRef = 49FAA6891A0941DE00AF3D5C /* NabigetaTests.swift */; };
		5FD70990BC9FFCA4FC483D6B /* Pods.framework in Frameworks */ = {isa = PBXBuildFile; fileRef = C61568D1F5A3F8D65E5340EF /* Pods.framework */; settings = {ATTRIBUTES = (Weak, ); }; };
/* End PBXBuildFile section */

/* Begin PBXFileReference section */
		09D442A8D3FB6659AE469A38 /* Pods.release.xcconfig */ = {isa = PBXFileReference; includeInIndex = 1; lastKnownFileType = text.xcconfig; name = Pods.release.xcconfig; path = "Pods/Target Support Files/Pods/Pods.release.xcconfig"; sourceTree = "<group>"; };
		4902AAFF1BF62AF7003D6435 /* PresentationModal.swift */ = {isa = PBXFileReference; fileEncoding = 4; lastKnownFileType = sourcecode.swift; path = PresentationModal.swift; sourceTree = "<group>"; };
		4902AB001BF62AF7003D6435 /* PresentationPopover.swift */ = {isa = PBXFileReference; fileEncoding = 4; lastKnownFileType = sourcecode.swift; path = PresentationPopover.swift; sourceTree = "<group>"; };
		4902AB011BF62AF7003D6435 /* PresentationPush.swift */ = {isa = PBXFileReference; fileEncoding = 4; lastKnownFileType = sourcecode.swift; path = PresentationPush.swift; sourceTree = "<group>"; };
		4902AB021BF62AF7003D6435 /* PresentationSegue.swift */ = {isa = PBXFileReference; fileEncoding = 4; lastKnownFileType = sourcecode.swift; path = PresentationSegue.swift; sourceTree = "<group>"; };
		490C38381A48219E00EC432E /* NavigationContext.swift */ = {isa = PBXFileReference; fileEncoding = 4; lastKnownFileType = sourcecode.swift; path = NavigationContext.swift; sourceTree = "<group>"; };
		49A221131D34054B0045F7E2 /* PresentingContext.swift */ = {isa = PBXFileReference; fileEncoding = 4; lastKnownFileType = sourcecode.swift; path = PresentingContext.swift; sourceTree = "<group>"; };
		49B035F91AACFE9900CB95DD /* PresentationStrategy.swift */ = {isa = PBXFileReference; fileEncoding = 4; lastKnownFileType = sourcecode.swift; path = PresentationStrategy.swift; sourceTree = "<group>"; };
		49C05ABA1BE0DCB10054337C /* Navigation.swift */ = {isa = PBXFileReference; fileEncoding = 4; lastKnownFileType = sourcecode.swift; path = Navigation.swift; sourceTree = "<group>"; };
		49DE53781A6EBDCF005A67AE /* UIViewController+Nabigeta.swift */ = {isa = PBXFileReference; fileEncoding = 4; lastKnownFileType = sourcecode.swift; path = "UIViewController+Nabigeta.swift"; sourceTree = "<group>"; };
		49E5EA861A0BC3A400169136 /* Route.swift */ = {isa = PBXFileReference; fileEncoding = 4; lastKnownFileType = sourcecode.swift; path = Route.swift; sourceTree = "<group>"; };
		49FAA67A1A0941DE00AF3D5C /* Nabigeta.framework */ = {isa = PBXFileReference; explicitFileType = wrapper.framework; includeInIndex = 0; path = Nabigeta.framework; sourceTree = BUILT_PRODUCTS_DIR; };
		49FAA67E1A0941DE00AF3D5C /* Info.plist */ = {isa = PBXFileReference; lastKnownFileType = text.plist.xml; path = Info.plist; sourceTree = "<group>"; };
		49FAA67F1A0941DE00AF3D5C /* Nabigeta.h */ = {isa = PBXFileReference; lastKnownFileType = sourcecode.c.h; path = Nabigeta.h; sourceTree = "<group>"; };
		49FAA6851A0941DE00AF3D5C /* NabigetaTests.xctest */ = {isa = PBXFileReference; explicitFileType = wrapper.cfbundle; includeInIndex = 0; path = NabigetaTests.xctest; sourceTree = BUILT_PRODUCTS_DIR; };
		49FAA6881A0941DE00AF3D5C /* Info.plist */ = {isa = PBXFileReference; lastKnownFileType = text.plist.xml; path = Info.plist; sourceTree = "<group>"; };
		49FAA6891A0941DE00AF3D5C /* NabigetaTests.swift */ = {isa = PBXFileReference; lastKnownFileType = sourcecode.swift; path = NabigetaTests.swift; sourceTree = "<group>"; };
		C61568D1F5A3F8D65E5340EF /* Pods.framework */ = {isa = PBXFileReference; explicitFileType = wrapper.framework; includeInIndex = 0; path = Pods.framework; sourceTree = BUILT_PRODUCTS_DIR; };
		F78095FB73AC645A2737086B /* Pods.debug.xcconfig */ = {isa = PBXFileReference; includeInIndex = 1; lastKnownFileType = text.xcconfig; name = Pods.debug.xcconfig; path = "Pods/Target Support Files/Pods/Pods.debug.xcconfig"; sourceTree = "<group>"; };
/* End PBXFileReference section */

/* Begin PBXFrameworksBuildPhase section */
		49FAA6761A0941DE00AF3D5C /* Frameworks */ = {
			isa = PBXFrameworksBuildPhase;
			buildActionMask = 2147483647;
			files = (
				5FD70990BC9FFCA4FC483D6B /* Pods.framework in Frameworks */,
			);
			runOnlyForDeploymentPostprocessing = 0;
		};
		49FAA6821A0941DE00AF3D5C /* Frameworks */ = {
			isa = PBXFrameworksBuildPhase;
			buildActionMask = 2147483647;
			files = (
			);
			runOnlyForDeploymentPostprocessing = 0;
		};
/* End PBXFrameworksBuildPhase section */

/* Begin PBXGroup section */
		4902AAFE1BF62AF7003D6435 /* Strategy */ = {
			isa = PBXGroup;
			children = (
				4902AAFF1BF62AF7003D6435 /* PresentationModal.swift */,
				4902AB001BF62AF7003D6435 /* PresentationPopover.swift */,
				4902AB011BF62AF7003D6435 /* PresentationPush.swift */,
				4902AB021BF62AF7003D6435 /* PresentationSegue.swift */,
			);
			path = Strategy;
			sourceTree = "<group>";
		};
		49B035F41AACFDA300CB95DD /* Presentation */ = {
			isa = PBXGroup;
			children = (
				49B035F91AACFE9900CB95DD /* PresentationStrategy.swift */,
				49A221131D34054B0045F7E2 /* PresentingContext.swift */,
				4902AAFE1BF62AF7003D6435 /* Strategy */,
			);
			path = Presentation;
			sourceTree = "<group>";
		};
		49DE53721A6EBDB6005A67AE /* UIKit */ = {
			isa = PBXGroup;
			children = (
				49DE53781A6EBDCF005A67AE /* UIViewController+Nabigeta.swift */,
			);
			path = UIKit;
			sourceTree = "<group>";
		};
		49E5EA841A0BC38400169136 /* Route */ = {
			isa = PBXGroup;
			children = (
				49E5EA861A0BC3A400169136 /* Route.swift */,
			);
			path = Route;
			sourceTree = "<group>";
		};
		49E5EA8C1A0BC7F900169136 /* Navigation */ = {
			isa = PBXGroup;
			children = (
				49C05ABA1BE0DCB10054337C /* Navigation.swift */,
				490C38381A48219E00EC432E /* NavigationContext.swift */,
			);
			path = Navigation;
			sourceTree = "<group>";
		};
		49FAA6701A0941DE00AF3D5C = {
			isa = PBXGroup;
			children = (
				49FAA67C1A0941DE00AF3D5C /* Nabigeta */,
				49FAA6861A0941DE00AF3D5C /* NabigetaTests */,
				49FAA67B1A0941DE00AF3D5C /* Products */,
				50679E3988AB72851F6A1CC1 /* Pods */,
				9821CBCAC70E411ABB0D9785 /* Frameworks */,
			);
			sourceTree = "<group>";
		};
		49FAA67B1A0941DE00AF3D5C /* Products */ = {
			isa = PBXGroup;
			children = (
				49FAA67A1A0941DE00AF3D5C /* Nabigeta.framework */,
				49FAA6851A0941DE00AF3D5C /* NabigetaTests.xctest */,
			);
			name = Products;
			sourceTree = "<group>";
		};
		49FAA67C1A0941DE00AF3D5C /* Nabigeta */ = {
			isa = PBXGroup;
			children = (
				49FAA67F1A0941DE00AF3D5C /* Nabigeta.h */,
				49E5EA8C1A0BC7F900169136 /* Navigation */,
				49B035F41AACFDA300CB95DD /* Presentation */,
				49E5EA841A0BC38400169136 /* Route */,
				49FAA67D1A0941DE00AF3D5C /* Supporting Files */,
				49DE53721A6EBDB6005A67AE /* UIKit */,
			);
			path = Nabigeta;
			sourceTree = "<group>";
		};
		49FAA67D1A0941DE00AF3D5C /* Supporting Files */ = {
			isa = PBXGroup;
			children = (
				49FAA67E1A0941DE00AF3D5C /* Info.plist */,
			);
			name = "Supporting Files";
			sourceTree = "<group>";
		};
		49FAA6861A0941DE00AF3D5C /* NabigetaTests */ = {
			isa = PBXGroup;
			children = (
				49FAA6891A0941DE00AF3D5C /* NabigetaTests.swift */,
				49FAA6871A0941DE00AF3D5C /* Supporting Files */,
			);
			path = NabigetaTests;
			sourceTree = "<group>";
		};
		49FAA6871A0941DE00AF3D5C /* Supporting Files */ = {
			isa = PBXGroup;
			children = (
				49FAA6881A0941DE00AF3D5C /* Info.plist */,
			);
			name = "Supporting Files";
			sourceTree = "<group>";
		};
		50679E3988AB72851F6A1CC1 /* Pods */ = {
			isa = PBXGroup;
			children = (
				F78095FB73AC645A2737086B /* Pods.debug.xcconfig */,
				09D442A8D3FB6659AE469A38 /* Pods.release.xcconfig */,
			);
			name = Pods;
			sourceTree = "<group>";
		};
		9821CBCAC70E411ABB0D9785 /* Frameworks */ = {
			isa = PBXGroup;
			children = (
				C61568D1F5A3F8D65E5340EF /* Pods.framework */,
			);
			name = Frameworks;
			sourceTree = "<group>";
		};
/* End PBXGroup section */

/* Begin PBXHeadersBuildPhase section */
		49FAA6771A0941DE00AF3D5C /* Headers */ = {
			isa = PBXHeadersBuildPhase;
			buildActionMask = 2147483647;
			files = (
				49FAA6801A0941DE00AF3D5C /* Nabigeta.h in Headers */,
			);
			runOnlyForDeploymentPostprocessing = 0;
		};
/* End PBXHeadersBuildPhase section */

/* Begin PBXNativeTarget section */
		49FAA6791A0941DE00AF3D5C /* Nabigeta */ = {
			isa = PBXNativeTarget;
			buildConfigurationList = 49FAA68D1A0941DE00AF3D5C /* Build configuration list for PBXNativeTarget "Nabigeta" */;
			buildPhases = (
				56587F014A3CE21C5BC9931F /* Check Pods Manifest.lock */,
				49FAA6751A0941DE00AF3D5C /* Sources */,
				49FAA6761A0941DE00AF3D5C /* Frameworks */,
				49FAA6771A0941DE00AF3D5C /* Headers */,
				49FAA6781A0941DE00AF3D5C /* Resources */,
				C024B1FA8C15D9774BD0B924 /* Embed Pods Frameworks */,
				0FB19973123C218BED36CC53 /* Copy Pods Resources */,
			);
			buildRules = (
			);
			dependencies = (
			);
			name = Nabigeta;
			productName = Nabigeta;
			productReference = 49FAA67A1A0941DE00AF3D5C /* Nabigeta.framework */;
			productType = "com.apple.product-type.framework";
		};
		49FAA6841A0941DE00AF3D5C /* NabigetaTests */ = {
			isa = PBXNativeTarget;
			buildConfigurationList = 49FAA6901A0941DE00AF3D5C /* Build configuration list for PBXNativeTarget "NabigetaTests" */;
			buildPhases = (
				49FAA6811A0941DE00AF3D5C /* Sources */,
				49FAA6821A0941DE00AF3D5C /* Frameworks */,
				49FAA6831A0941DE00AF3D5C /* Resources */,
			);
			buildRules = (
			);
			dependencies = (
			);
			name = NabigetaTests;
			productName = NabigetaTests;
			productReference = 49FAA6851A0941DE00AF3D5C /* NabigetaTests.xctest */;
			productType = "com.apple.product-type.bundle.unit-test";
		};
/* End PBXNativeTarget section */

/* Begin PBXProject section */
		49FAA6711A0941DE00AF3D5C /* Project object */ = {
			isa = PBXProject;
			attributes = {
				LastSwiftUpdateCheck = 0700;
				LastUpgradeCheck = 0710;
				ORGANIZATIONNAME = fr.milkshake;
				TargetAttributes = {
					49FAA6791A0941DE00AF3D5C = {
						CreatedOnToolsVersion = 6.0.1;
					};
					49FAA6841A0941DE00AF3D5C = {
						CreatedOnToolsVersion = 6.0.1;
					};
				};
			};
			buildConfigurationList = 49FAA6741A0941DE00AF3D5C /* Build configuration list for PBXProject "Nabigeta" */;
			compatibilityVersion = "Xcode 3.2";
			developmentRegion = English;
			hasScannedForEncodings = 0;
			knownRegions = (
				en,
			);
			mainGroup = 49FAA6701A0941DE00AF3D5C;
			productRefGroup = 49FAA67B1A0941DE00AF3D5C /* Products */;
			projectDirPath = "";
			projectRoot = "";
			targets = (
				49FAA6791A0941DE00AF3D5C /* Nabigeta */,
				49FAA6841A0941DE00AF3D5C /* NabigetaTests */,
			);
		};
/* End PBXProject section */

/* Begin PBXResourcesBuildPhase section */
		49FAA6781A0941DE00AF3D5C /* Resources */ = {
			isa = PBXResourcesBuildPhase;
			buildActionMask = 2147483647;
			files = (
			);
			runOnlyForDeploymentPostprocessing = 0;
		};
		49FAA6831A0941DE00AF3D5C /* Resources */ = {
			isa = PBXResourcesBuildPhase;
			buildActionMask = 2147483647;
			files = (
			);
			runOnlyForDeploymentPostprocessing = 0;
		};
/* End PBXResourcesBuildPhase section */

/* Begin PBXShellScriptBuildPhase section */
		0FB19973123C218BED36CC53 /* Copy Pods Resources */ = {
			isa = PBXShellScriptBuildPhase;
			buildActionMask = 2147483647;
			files = (
			);
			inputPaths = (
			);
			name = "Copy Pods Resources";
			outputPaths = (
			);
			runOnlyForDeploymentPostprocessing = 0;
			shellPath = /bin/sh;
			shellScript = "\"${SRCROOT}/Pods/Target Support Files/Pods/Pods-resources.sh\"\n";
			showEnvVarsInLog = 0;
		};
		56587F014A3CE21C5BC9931F /* Check Pods Manifest.lock */ = {
			isa = PBXShellScriptBuildPhase;
			buildActionMask = 2147483647;
			files = (
			);
			inputPaths = (
			);
			name = "Check Pods Manifest.lock";
			outputPaths = (
			);
			runOnlyForDeploymentPostprocessing = 0;
			shellPath = /bin/sh;
			shellScript = "diff \"${PODS_ROOT}/../Podfile.lock\" \"${PODS_ROOT}/Manifest.lock\" > /dev/null\nif [[ $? != 0 ]] ; then\n    cat << EOM\nerror: The sandbox is not in sync with the Podfile.lock. Run 'pod install' or update your CocoaPods installation.\nEOM\n    exit 1\nfi\n";
			showEnvVarsInLog = 0;
		};
		C024B1FA8C15D9774BD0B924 /* Embed Pods Frameworks */ = {
			isa = PBXShellScriptBuildPhase;
			buildActionMask = 2147483647;
			files = (
			);
			inputPaths = (
			);
			name = "Embed Pods Frameworks";
			outputPaths = (
			);
			runOnlyForDeploymentPostprocessing = 0;
			shellPath = /bin/sh;
			shellScript = "\"${SRCROOT}/Pods/Target Support Files/Pods/Pods-frameworks.sh\"\n";
			showEnvVarsInLog = 0;
		};
/* End PBXShellScriptBuildPhase section */

/* Begin PBXSourcesBuildPhase section */
		49FAA6751A0941DE00AF3D5C /* Sources */ = {
			isa = PBXSourcesBuildPhase;
			buildActionMask = 2147483647;
			files = (
				490C38391A48219E00EC432E /* NavigationContext.swift in Sources */,
				49E5EA871A0BC3A400169136 /* Route.swift in Sources */,
				49A221141D34054B0045F7E2 /* PresentingContext.swift in Sources */,
				49C05ABB1BE0DCB10054337C /* Navigation.swift in Sources */,
				4902AB031BF62AF8003D6435 /* PresentationModal.swift in Sources */,
				49DE53791A6EBDCF005A67AE /* UIViewController+Nabigeta.swift in Sources */,
				4902AB041BF62AF8003D6435 /* PresentationPopover.swift in Sources */,
				4902AB051BF62AF8003D6435 /* PresentationPush.swift in Sources */,
				49B035FA1AACFE9900CB95DD /* PresentationStrategy.swift in Sources */,
				4902AB061BF62AF8003D6435 /* PresentationSegue.swift in Sources */,
			);
			runOnlyForDeploymentPostprocessing = 0;
		};
		49FAA6811A0941DE00AF3D5C /* Sources */ = {
			isa = PBXSourcesBuildPhase;
			buildActionMask = 2147483647;
			files = (
				49FAA68A1A0941DE00AF3D5C /* NabigetaTests.swift in Sources */,
			);
			runOnlyForDeploymentPostprocessing = 0;
		};
/* End PBXSourcesBuildPhase section */

/* Begin XCBuildConfiguration section */
		49FAA68B1A0941DE00AF3D5C /* Debug */ = {
			isa = XCBuildConfiguration;
			buildSettings = {
				ALWAYS_SEARCH_USER_PATHS = NO;
				CLANG_CXX_LANGUAGE_STANDARD = "gnu++0x";
				CLANG_CXX_LIBRARY = "libc++";
				CLANG_ENABLE_MODULES = YES;
				CLANG_ENABLE_OBJC_ARC = YES;
				CLANG_WARN_BOOL_CONVERSION = YES;
				CLANG_WARN_CONSTANT_CONVERSION = YES;
				CLANG_WARN_DIRECT_OBJC_ISA_USAGE = YES_ERROR;
				CLANG_WARN_EMPTY_BODY = YES;
				CLANG_WARN_ENUM_CONVERSION = YES;
				CLANG_WARN_INT_CONVERSION = YES;
				CLANG_WARN_OBJC_ROOT_CLASS = YES_ERROR;
				CLANG_WARN_UNREACHABLE_CODE = YES;
				CLANG_WARN__DUPLICATE_METHOD_MATCH = YES;
				"CODE_SIGN_IDENTITY[sdk=iphoneos*]" = "iPhone Developer";
				COPY_PHASE_STRIP = NO;
				CURRENT_PROJECT_VERSION = 1;
				ENABLE_STRICT_OBJC_MSGSEND = YES;
				ENABLE_TESTABILITY = YES;
				GCC_C_LANGUAGE_STANDARD = gnu99;
				GCC_DYNAMIC_NO_PIC = NO;
				GCC_OPTIMIZATION_LEVEL = 0;
				GCC_PREPROCESSOR_DEFINITIONS = (
					"DEBUG=1",
					"$(inherited)",
				);
				GCC_SYMBOLS_PRIVATE_EXTERN = NO;
				GCC_WARN_64_TO_32_BIT_CONVERSION = YES;
				GCC_WARN_ABOUT_RETURN_TYPE = YES_ERROR;
				GCC_WARN_UNDECLARED_SELECTOR = YES;
				GCC_WARN_UNINITIALIZED_AUTOS = YES_AGGRESSIVE;
				GCC_WARN_UNUSED_FUNCTION = YES;
				GCC_WARN_UNUSED_VARIABLE = YES;
				IPHONEOS_DEPLOYMENT_TARGET = 8.0;
				MTL_ENABLE_DEBUG_INFO = YES;
				ONLY_ACTIVE_ARCH = YES;
				SDKROOT = iphoneos;
				SWIFT_OPTIMIZATION_LEVEL = "-Onone";
				TARGETED_DEVICE_FAMILY = "1,2";
				VERSIONING_SYSTEM = "apple-generic";
				VERSION_INFO_PREFIX = "";
			};
			name = Debug;
		};
		49FAA68C1A0941DE00AF3D5C /* Release */ = {
			isa = XCBuildConfiguration;
			buildSettings = {
				ALWAYS_SEARCH_USER_PATHS = NO;
				CLANG_CXX_LANGUAGE_STANDARD = "gnu++0x";
				CLANG_CXX_LIBRARY = "libc++";
				CLANG_ENABLE_MODULES = YES;
				CLANG_ENABLE_OBJC_ARC = YES;
				CLANG_WARN_BOOL_CONVERSION = YES;
				CLANG_WARN_CONSTANT_CONVERSION = YES;
				CLANG_WARN_DIRECT_OBJC_ISA_USAGE = YES_ERROR;
				CLANG_WARN_EMPTY_BODY = YES;
				CLANG_WARN_ENUM_CONVERSION = YES;
				CLANG_WARN_INT_CONVERSION = YES;
				CLANG_WARN_OBJC_ROOT_CLASS = YES_ERROR;
				CLANG_WARN_UNREACHABLE_CODE = YES;
				CLANG_WARN__DUPLICATE_METHOD_MATCH = YES;
				"CODE_SIGN_IDENTITY[sdk=iphoneos*]" = "iPhone Developer";
				COPY_PHASE_STRIP = YES;
				CURRENT_PROJECT_VERSION = 1;
				ENABLE_NS_ASSERTIONS = NO;
				ENABLE_STRICT_OBJC_MSGSEND = YES;
				GCC_C_LANGUAGE_STANDARD = gnu99;
				GCC_WARN_64_TO_32_BIT_CONVERSION = YES;
				GCC_WARN_ABOUT_RETURN_TYPE = YES_ERROR;
				GCC_WARN_UNDECLARED_SELECTOR = YES;
				GCC_WARN_UNINITIALIZED_AUTOS = YES_AGGRESSIVE;
				GCC_WARN_UNUSED_FUNCTION = YES;
				GCC_WARN_UNUSED_VARIABLE = YES;
				IPHONEOS_DEPLOYMENT_TARGET = 8.0;
				MTL_ENABLE_DEBUG_INFO = NO;
				SDKROOT = iphoneos;
				TARGETED_DEVICE_FAMILY = "1,2";
				VALIDATE_PRODUCT = YES;
				VERSIONING_SYSTEM = "apple-generic";
				VERSION_INFO_PREFIX = "";
			};
			name = Release;
		};
		49FAA68E1A0941DE00AF3D5C /* Debug */ = {
			isa = XCBuildConfiguration;
			baseConfigurationReference = F78095FB73AC645A2737086B /* Pods.debug.xcconfig */;
			buildSettings = {
				CLANG_ENABLE_MODULES = YES;
				DEFINES_MODULE = YES;
				DYLIB_COMPATIBILITY_VERSION = 1;
				DYLIB_CURRENT_VERSION = 1;
				DYLIB_INSTALL_NAME_BASE = "@rpath";
				INFOPLIST_FILE = Nabigeta/Info.plist;
				INSTALL_PATH = "$(LOCAL_LIBRARY_DIR)/Frameworks";
				IPHONEOS_DEPLOYMENT_TARGET = 8.0;
				LD_RUNPATH_SEARCH_PATHS = "$(inherited) @executable_path/Frameworks @loader_path/Frameworks";
				PRODUCT_BUNDLE_IDENTIFIER = fr.akane.Nabigeta;
				PRODUCT_NAME = "$(TARGET_NAME)";
				SKIP_INSTALL = YES;
				SWIFT_OPTIMIZATION_LEVEL = "-Onone";
			};
			name = Debug;
		};
		49FAA68F1A0941DE00AF3D5C /* Release */ = {
			isa = XCBuildConfiguration;
			baseConfigurationReference = 09D442A8D3FB6659AE469A38 /* Pods.release.xcconfig */;
			buildSettings = {
				CLANG_ENABLE_MODULES = YES;
				DEFINES_MODULE = YES;
				DYLIB_COMPATIBILITY_VERSION = 1;
				DYLIB_CURRENT_VERSION = 1;
				DYLIB_INSTALL_NAME_BASE = "@rpath";
				INFOPLIST_FILE = Nabigeta/Info.plist;
				INSTALL_PATH = "$(LOCAL_LIBRARY_DIR)/Frameworks";
				IPHONEOS_DEPLOYMENT_TARGET = 8.0;
				LD_RUNPATH_SEARCH_PATHS = "$(inherited) @executable_path/Frameworks @loader_path/Frameworks";
				PRODUCT_BUNDLE_IDENTIFIER = fr.akane.Nabigeta;
				PRODUCT_NAME = "$(TARGET_NAME)";
				SKIP_INSTALL = YES;
			};
			name = Release;
		};
		49FAA6911A0941DE00AF3D5C /* Debug */ = {
			isa = XCBuildConfiguration;
			buildSettings = {
				FRAMEWORK_SEARCH_PATHS = (
					"$(SDKROOT)/Developer/Library/Frameworks",
					"$(inherited)",
				);
				GCC_PREPROCESSOR_DEFINITIONS = (
					"DEBUG=1",
					"$(inherited)",
				);
				INFOPLIST_FILE = NabigetaTests/Info.plist;
				LD_RUNPATH_SEARCH_PATHS = "$(inherited) @executable_path/Frameworks @loader_path/Frameworks";
				PRODUCT_BUNDLE_IDENTIFIER = "milkshake.$(PRODUCT_NAME:rfc1034identifier)";
				PRODUCT_NAME = "$(TARGET_NAME)";
			};
			name = Debug;
		};
		49FAA6921A0941DE00AF3D5C /* Release */ = {
			isa = XCBuildConfiguration;
			buildSettings = {
				FRAMEWORK_SEARCH_PATHS = (
					"$(SDKROOT)/Developer/Library/Frameworks",
					"$(inherited)",
				);
				INFOPLIST_FILE = NabigetaTests/Info.plist;
				LD_RUNPATH_SEARCH_PATHS = "$(inherited) @executable_path/Frameworks @loader_path/Frameworks";
				PRODUCT_BUNDLE_IDENTIFIER = "milkshake.$(PRODUCT_NAME:rfc1034identifier)";
				PRODUCT_NAME = "$(TARGET_NAME)";
			};
			name = Release;
		};
/* End XCBuildConfiguration section */

/* Begin XCConfigurationList section */
		49FAA6741A0941DE00AF3D5C /* Build configuration list for PBXProject "Nabigeta" */ = {
			isa = XCConfigurationList;
			buildConfigurations = (
				49FAA68B1A0941DE00AF3D5C /* Debug */,
				49FAA68C1A0941DE00AF3D5C /* Release */,
			);
			defaultConfigurationIsVisible = 0;
			defaultConfigurationName = Release;
		};
		49FAA68D1A0941DE00AF3D5C /* Build configuration list for PBXNativeTarget "Nabigeta" */ = {
			isa = XCConfigurationList;
			buildConfigurations = (
				49FAA68E1A0941DE00AF3D5C /* Debug */,
				49FAA68F1A0941DE00AF3D5C /* Release */,
			);
			defaultConfigurationIsVisible = 0;
			defaultConfigurationName = Release;
		};
		49FAA6901A0941DE00AF3D5C /* Build configuration list for PBXNativeTarget "NabigetaTests" */ = {
			isa = XCConfigurationList;
			buildConfigurations = (
				49FAA6911A0941DE00AF3D5C /* Debug */,
				49FAA6921A0941DE00AF3D5C /* Release */,
			);
			defaultConfigurationIsVisible = 0;
			defaultConfigurationName = Release;
		};
/* End XCConfigurationList section */
	};
	rootObject = 49FAA6711A0941DE00AF3D5C /* Project object */;
}
